{
    "name": "example-hello-world",
    "lockfileVersion": 2,
    "requires": true,
    "packages": {
        "": {
            "dependencies": {
                "@final-hill/agency": "file:final-hill-agency-0.1.0.tgz"
            },
            "devDependencies": {
                "typescript": "^4.8.4"
            }
        },
        "node_modules/@final-hill/agency": {
            "version": "0.1.0",
            "resolved": "file:final-hill-agency-0.1.0.tgz",
            "integrity": "sha512-SCyjZGzBIbBr4iaRpiCDlHyw3lBaExYm/KUJCyJxF7mWaQkf/qxgbxGT58KB/EEGTrSPDmWNUMNSZpkaRjnxYg==",
            "license": "AGPL-3.0-only",
            "dependencies": {
                "@final-hill/decorator-contracts": "^0.24.1"
            }
        },
        "node_modules/@final-hill/decorator-contracts": {
            "version": "0.24.1",
            "resolved": "https://registry.npmjs.org/@final-hill/decorator-contracts/-/decorator-contracts-0.24.1.tgz",
            "integrity": "sha512-7aeln/sV7EAR8NkNFezwDygbbJXIOnKCHteHrjk1sSUGmvw6rccTY5vN1LCy2KuvcaRPZ4PmZxG8P9yl8GU7Ng=="
        },
        "node_modules/typescript": {
            "version": "4.8.4",
            "resolved": "https://registry.npmjs.org/typescript/-/typescript-4.8.4.tgz",
            "integrity": "sha512-QCh+85mCy+h0IGff8r5XWzOVSbBO+KfeYrMQh7NJ58QujwcE22u+NUSmUxqF+un70P9GXKxa2HCNiTTMJknyjQ==",
            "dev": true,
            "bin": {
                "tsc": "bin/tsc",
                "tsserver": "bin/tsserver"
            },
            "engines": {
                "node": ">=4.2.0"
            }
        }
    },
    "dependencies": {
        "@final-hill/agency": {
            "version": "file:final-hill-agency-0.1.0.tgz",
            "integrity": "sha512-SCyjZGzBIbBr4iaRpiCDlHyw3lBaExYm/KUJCyJxF7mWaQkf/qxgbxGT58KB/EEGTrSPDmWNUMNSZpkaRjnxYg==",
            "requires": {
                "@final-hill/decorator-contracts": "^0.24.1"
            }
        },
        "@final-hill/decorator-contracts": {
            "version": "0.24.1",
            "resolved": "https://registry.npmjs.org/@final-hill/decorator-contracts/-/decorator-contracts-0.24.1.tgz",
            "integrity": "sha512-7aeln/sV7EAR8NkNFezwDygbbJXIOnKCHteHrjk1sSUGmvw6rccTY5vN1LCy2KuvcaRPZ4PmZxG8P9yl8GU7Ng=="
        },
        "typescript": {
            "version": "4.8.4",
            "resolved": "https://registry.npmjs.org/typescript/-/typescript-4.8.4.tgz",
            "integrity": "sha512-QCh+85mCy+h0IGff8r5XWzOVSbBO+KfeYrMQh7NJ58QujwcE22u+NUSmUxqF+un70P9GXKxa2HCNiTTMJknyjQ==",
            "dev": true
        }
    }
}
